
Microsoft Visual Studio Solution File, Format Version 12.00
# Visual Studio 15
Project("{FAE04EC0-301F-11D3-BF4B-00C04F79EFBC}") = "Assembly-CSharp", "Assembly-CSharp.csproj", "{5693AE6B-4EF8-F73F-6C5E-B818544C9D40}"
EndProject
Project("{FAE04EC0-301F-11D3-BF4B-00C04F79EFBC}") = "Oculus.VR", "Oculus.VR.csproj", "{DD5EC873-1744-2F78-2120-B57E750C05F2}"
EndProject
Project("{FAE04EC0-301F-11D3-BF4B-00C04F79EFBC}") = "Oculus.VR.Scripts.Editor", "Oculus.VR.Scripts.Editor.csproj", "{92ECEF52-D5E9-E059-4320-5A3A65E43665}"
EndProject
Project("{FAE04EC0-301F-11D3-BF4B-00C04F79EFBC}") = "Oculus.VR.Editor", "Oculus.VR.Editor.csproj", "{1D04C74E-EB64-C5C2-085E-3F54BEC2D8EC}"
EndProject
Project("{FAE04EC0-301F-11D3-BF4B-00C04F79EFBC}") = "Assembly-CSharp-Editor", "Assembly-CSharp-Editor.csproj", "{597EF7F5-7143-0D3E-D6DD-941ADFD67FF2}"
EndProject
Global
	GlobalSection(SolutionConfigurationPlatforms) = preSolution
		Debug|Any CPU = Debug|Any CPU
		Release|Any CPU = Release|Any CPU
	EndGlobalSection
	GlobalSection(ProjectConfigurationPlatforms) = postSolution
		{5693AE6B-4EF8-F73F-6C5E-B818544C9D40}.Debug|Any CPU.ActiveCfg = Debug|Any CPU
		{5693AE6B-4EF8-F73F-6C5E-B818544C9D40}.Debug|Any CPU.Build.0 = Debug|Any CPU
		{5693AE6B-4EF8-F73F-6C5E-B818544C9D40}.Release|Any CPU.ActiveCfg = Release|Any CPU
		{5693AE6B-4EF8-F73F-6C5E-B818544C9D40}.Release|Any CPU.Build.0 = Release|Any CPU
		{DD5EC873-1744-2F78-2120-B57E750C05F2}.Debug|Any CPU.ActiveCfg = Debug|Any CPU
		{DD5EC873-1744-2F78-2120-B57E750C05F2}.Debug|Any CPU.Build.0 = Debug|Any CPU
		{DD5EC873-1744-2F78-2120-B57E750C05F2}.Release|Any CPU.ActiveCfg = Release|Any CPU
		{DD5EC873-1744-2F78-2120-B57E750C05F2}.Release|Any CPU.Build.0 = Release|Any CPU
		{92ECEF52-D5E9-E059-4320-5A3A65E43665}.Debug|Any CPU.ActiveCfg = Debug|Any CPU
		{92ECEF52-D5E9-E059-4320-5A3A65E43665}.Debug|Any CPU.Build.0 = Debug|Any CPU
		{92ECEF52-D5E9-E059-4320-5A3A65E43665}.Release|Any CPU.ActiveCfg = Release|Any CPU
		{92ECEF52-D5E9-E059-4320-5A3A65E43665}.Release|Any CPU.Build.0 = Release|Any CPU
		{1D04C74E-EB64-C5C2-085E-3F54BEC2D8EC}.Debug|Any CPU.ActiveCfg = Debug|Any CPU
		{1D04C74E-EB64-C5C2-085E-3F54BEC2D8EC}.Debug|Any CPU.Build.0 = Debug|Any CPU
		{1D04C74E-EB64-C5C2-085E-3F54BEC2D8EC}.Release|Any CPU.ActiveCfg = Release|Any CPU
		{1D04C74E-EB64-C5C2-085E-3F54BEC2D8EC}.Release|Any CPU.Build.0 = Release|Any CPU
		{597EF7F5-7143-0D3E-D6DD-941ADFD67FF2}.Debug|Any CPU.ActiveCfg = Debug|Any CPU
		{597EF7F5-7143-0D3E-D6DD-941ADFD67FF2}.Debug|Any CPU.Build.0 = Debug|Any CPU
		{597EF7F5-7143-0D3E-D6DD-941ADFD67FF2}.Release|Any CPU.ActiveCfg = Release|Any CPU
		{597EF7F5-7143-0D3E-D6DD-941ADFD67FF2}.Release|Any CPU.Build.0 = Release|Any CPU
	EndGlobalSection
	GlobalSection(SolutionProperties) = preSolution
		HideSolutionNode = FALSE
	EndGlobalSection
EndGlobal
